// !$*UTF8*$!
{
	archiveVersion = 1;
	classes = {
	};
	objectVersion = 50;
	objects = {

/* Begin PBXBuildFile section */
		BD3A8D922459A569007DE46A /* Story.swift in Sources */ = {isa = PBXBuildFile; fileRef = BD3A8D912459A569007DE46A /* Story.swift */; };
		BD3E3D3024573D6E00D0EC3C /* AppDelegate.swift in Sources */ = {isa = PBXBuildFile; fileRef = BD3E3D2F24573D6E00D0EC3C /* AppDelegate.swift */; };
		BD3E3D3224573D6E00D0EC3C /* SceneDelegate.swift in Sources */ = {isa = PBXBuildFile; fileRef = BD3E3D3124573D6E00D0EC3C /* SceneDelegate.swift */; };
		BD3E3D3424573D6E00D0EC3C /* ViewController.swift in Sources */ = {isa = PBXBuildFile; fileRef = BD3E3D3324573D6E00D0EC3C /* ViewController.swift */; };
		BD3E3D3724573D6E00D0EC3C /* Main.storyboard in Resources */ = {isa = PBXBuildFile; fileRef = BD3E3D3524573D6E00D0EC3C /* Main.storyboard */; };
		BD3E3D3924573D7700D0EC3C /* Assets.xcassets in Resources */ = {isa = PBXBuildFile; fileRef = BD3E3D3824573D7700D0EC3C /* Assets.xcassets */; };
		BD3E3D3C24573D7700D0EC3C /* LaunchScreen.storyboard in Resources */ = {isa = PBXBuildFile; fileRef = BD3E3D3A24573D7700D0EC3C /* LaunchScreen.storyboard */; };
		BD3E3D4424583AEF00D0EC3C /* Question.swift in Sources */ = {isa = PBXBuildFile; fileRef = BD3E3D4324583AEF00D0EC3C /* Question.swift */; };
		BDD7B14A24864D18005B6333 /* StartViewController.swift in Sources */ = {isa = PBXBuildFile; fileRef = BDD7B14924864D18005B6333 /* StartViewController.swift */; };
/* End PBXBuildFile section */

/* Begin PBXFileReference section */
		BD3A8D912459A569007DE46A /* Story.swift */ = {isa = PBXFileReference; lastKnownFileType = sourcecode.swift; path = Story.swift; sourceTree = "<group>"; };
		BD3E3D2C24573D6E00D0EC3C /* Good story.app */ = {isa = PBXFileReference; explicitFileType = wrapper.application; includeInIndex = 0; path = "Good story.app"; sourceTree = BUILT_PRODUCTS_DIR; };
		BD3E3D2F24573D6E00D0EC3C /* AppDelegate.swift */ = {isa = PBXFileReference; lastKnownFileType = sourcecode.swift; path = AppDelegate.swift; sourceTree = "<group>"; };
		BD3E3D3124573D6E00D0EC3C /* SceneDelegate.swift */ = {isa = PBXFileReference; lastKnownFileType = sourcecode.swift; path = SceneDelegate.swift; sourceTree = "<group>"; };
		BD3E3D3324573D6E00D0EC3C /* ViewController.swift */ = {isa = PBXFileReference; lastKnownFileType = sourcecode.swift; path = ViewController.swift; sourceTree = "<group>"; };
		BD3E3D3624573D6E00D0EC3C /* Base */ = {isa = PBXFileReference; lastKnownFileType = file.storyboard; name = Base; path = Base.lproj/Main.storyboard; sourceTree = "<group>"; };
		BD3E3D3824573D7700D0EC3C /* Assets.xcassets */ = {isa = PBXFileReference; lastKnownFileType = folder.assetcatalog; path = Assets.xcassets; sourceTree = "<group>"; };
		BD3E3D3B24573D7700D0EC3C /* Base */ = {isa = PBXFileReference; lastKnownFileType = file.storyboard; name = Base; path = Base.lproj/LaunchScreen.storyboard; sourceTree = "<group>"; };
		BD3E3D3D24573D7700D0EC3C /* Info.plist */ = {isa = PBXFileReference; lastKnownFileType = text.plist.xml; path = Info.plist; sourceTree = "<group>"; };
		BD3E3D4324583AEF00D0EC3C /* Question.swift */ = {isa = PBXFileReference; lastKnownFileType = sourcecode.swift; path = Question.swift; sourceTree = "<group>"; };
		BDD7B14924864D18005B6333 /* StartViewController.swift */ = {isa = PBXFileReference; lastKnownFileType = sourcecode.swift; path = StartViewController.swift; sourceTree = "<group>"; };
/* End PBXFileReference section */

/* Begin PBXFrameworksBuildPhase section */
		BD3E3D2924573D6E00D0EC3C /* Frameworks */ = {
			isa = PBXFrameworksBuildPhase;
			buildActionMask = 2147483647;
			files = (
			);
			runOnlyForDeploymentPostprocessing = 0;
		};
/* End PBXFrameworksBuildPhase section */

/* Begin PBXGroup section */
		BD3A8D8E24599755007DE46A /* Model */ = {
			isa = PBXGroup;
			children = (
				BD3E3D4324583AEF00D0EC3C /* Question.swift */,
				BD3A8D912459A569007DE46A /* Story.swift */,
			);
			path = Model;
			sourceTree = "<group>";
		};
		BD3A8D8F2459976B007DE46A /* View */ = {
			isa = PBXGroup;
			children = (
				BD3E3D3524573D6E00D0EC3C /* Main.storyboard */,
			);
			path = View;
			sourceTree = "<group>";
		};
		BD3A8D902459977B007DE46A /* Controller */ = {
			isa = PBXGroup;
			children = (
				BD3E3D3324573D6E00D0EC3C /* ViewController.swift */,
				BDD7B14924864D18005B6333 /* StartViewController.swift */,
			);
			path = Controller;
			sourceTree = "<group>";
		};
		BD3E3D2324573D6D00D0EC3C = {
			isa = PBXGroup;
			children = (
				BD3E3D2E24573D6E00D0EC3C /* Good story */,
				BD3E3D2D24573D6E00D0EC3C /* Products */,
			);
			sourceTree = "<group>";
		};
		BD3E3D2D24573D6E00D0EC3C /* Products */ = {
			isa = PBXGroup;
			children = (
				BD3E3D2C24573D6E00D0EC3C /* Good story.app */,
			);
			name = Products;
			sourceTree = "<group>";
		};
		BD3E3D2E24573D6E00D0EC3C /* Good story */ = {
			isa = PBXGroup;
			children = (
				BD3E3D2F24573D6E00D0EC3C /* AppDelegate.swift */,
				BD3E3D3124573D6E00D0EC3C /* SceneDelegate.swift */,
				BD3A8D8E24599755007DE46A /* Model */,
				BD3A8D8F2459976B007DE46A /* View */,
				BD3A8D902459977B007DE46A /* Controller */,
				BD3E3D3A24573D7700D0EC3C /* LaunchScreen.storyboard */,
				BD3E3D3824573D7700D0EC3C /* Assets.xcassets */,
				BD3E3D3D24573D7700D0EC3C /* Info.plist */,
			);
			path = "Good story";
			sourceTree = "<group>";
		};
/* End PBXGroup section */

/* Begin PBXNativeTarget section */
		BD3E3D2B24573D6E00D0EC3C /* Good story */ = {
			isa = PBXNativeTarget;
			buildConfigurationList = BD3E3D4024573D7700D0EC3C /* Build configuration list for PBXNativeTarget "Good story" */;
			buildPhases = (
				BD3E3D2824573D6E00D0EC3C /* Sources */,
				BD3E3D2924573D6E00D0EC3C /* Frameworks */,
				BD3E3D2A24573D6E00D0EC3C /* Resources */,
			);
			buildRules = (
			);
			dependencies = (
			);
			name = "Good story";
			productName = "Good story";
			productReference = BD3E3D2C24573D6E00D0EC3C /* Good story.app */;
			productType = "com.apple.product-type.application";
		};
/* End PBXNativeTarget section */

/* Begin PBXProject section */
		BD3E3D2424573D6D00D0EC3C /* Project object */ = {
			isa = PBXProject;
			attributes = {
				LastSwiftUpdateCheck = 1140;
				LastUpgradeCheck = 1140;
				ORGANIZATIONNAME = broflowski;
				TargetAttributes = {
					BD3E3D2B24573D6E00D0EC3C = {
						CreatedOnToolsVersion = 11.4.1;
					};
				};
			};
			buildConfigurationList = BD3E3D2724573D6D00D0EC3C /* Build configuration list for PBXProject "Good story" */;
			compatibilityVersion = "Xcode 9.3";
			developmentRegion = en;
			hasScannedForEncodings = 0;
			knownRegions = (
				en,
				Base,
			);
			mainGroup = BD3E3D2324573D6D00D0EC3C;
			productRefGroup = BD3E3D2D24573D6E00D0EC3C /* Products */;
			projectDirPath = "";
			projectRoot = "";
			targets = (
				BD3E3D2B24573D6E00D0EC3C /* Good story */,
			);
		};
/* End PBXProject section */

/* Begin PBXResourcesBuildPhase section */
		BD3E3D2A24573D6E00D0EC3C /* Resources */ = {
			isa = PBXResourcesBuildPhase;
			buildActionMask = 2147483647;
			files = (
				BD3E3D3C24573D7700D0EC3C /* LaunchScreen.storyboard in Resources */,
				BD3E3D3924573D7700D0EC3C /* Assets.xcassets in Resources */,
				BD3E3D3724573D6E00D0EC3C /* Main.storyboard in Resources */,
			);
			runOnlyForDeploymentPostprocessing = 0;
		};
/* End PBXResourcesBuildPhase section */

/* Begin PBXSourcesBuildPhase section */
		BD3E3D2824573D6E00D0EC3C /* Sources */ = {
			isa = PBXSourcesBuildPhase;
			buildActionMask = 2147483647;
			files = (
				BD3E3D3424573D6E00D0EC3C /* ViewController.swift in Sources */,
				BD3E3D4424583AEF00D0EC3C /* Question.swift in Sources */,
				BD3E3D3024573D6E00D0EC3C /* AppDelegate.swift in Sources */,
				BD3E3D3224573D6E00D0EC3C /* SceneDelegate.swift in Sources */,
				BD3A8D922459A569007DE46A /* Story.swift in Sources */,
				BDD7B14A24864D18005B6333 /* StartViewController.swift in Sources */,
			);
			runOnlyForDeploymentPostprocessing = 0;
		};
/* End PBXSourcesBuildPhase section */

/* Begin PBXVariantGroup section */
		BD3E3D3524573D6E00D0EC3C /* Main.storyboard */ = {
			isa = PBXVariantGroup;
			children = (
				BD3E3D3624573D6E00D0EC3C /* Base */,
			);
			name = Main.storyboard;
			sourceTree = "<group>";
		};
		BD3E3D3A24573D7700D0EC3C /* LaunchScreen.storyboard */ = {
			isa = PBXVariantGroup;
			children = (
				BD3E3D3B24573D7700D0EC3C /* Base */,
			);
			name = LaunchScreen.storyboard;
			sourceTree = "<group>";
		};
/* End PBXVariantGroup section */

/* Begin XCBuildConfiguration section */
		BD3E3D3E24573D7700D0EC3C /* Debug */ = {
			isa = XCBuildConfiguration;
			buildSettings = {
				ALWAYS_SEARCH_USER_PATHS = NO;
				CLANG_ANALYZER_NONNULL = YES;
				CLANG_ANALYZER_NUMBER_OBJECT_CONVERSION = YES_AGGRESSIVE;
				CLANG_CXX_LANGUAGE_STANDARD = "gnu++14";
				CLANG_CXX_LIBRARY = "libc++";
				CLANG_ENABLE_MODULES = YES;
				CLANG_ENABLE_OBJC_ARC = YES;
				CLANG_ENABLE_OBJC_WEAK = YES;
				CLANG_WARN_BLOCK_CAPTURE_AUTORELEASING = YES;
				CLANG_WARN_BOOL_CONVERSION = YES;
				CLANG_WARN_COMMA = YES;
				CLANG_WARN_CONSTANT_CONVERSION = YES;
				CLANG_WARN_DEPRECATED_OBJC_IMPLEMENTATIONS = YES;
				CLANG_WARN_DIRECT_OBJC_ISA_USAGE = YES_ERROR;
				CLANG_WARN_DOCUMENTATION_COMMENTS = YES;
				CLANG_WARN_EMPTY_BODY = YES;
				CLANG_WARN_ENUM_CONVERSION = YES;
				CLANG_WARN_INFINITE_RECURSION = YES;
				CLANG_WARN_INT_CONVERSION = YES;
				CLANG_WARN_NON_LITERAL_NULL_CONVERSION = YES;
				CLANG_WARN_OBJC_IMPLICIT_RETAIN_SELF = YES;
				CLANG_WARN_OBJC_LITERAL_CONVERSION = YES;
				CLANG_WARN_OBJC_ROOT_CLASS = YES_ERROR;
				CLANG_WARN_RANGE_LOOP_ANALYSIS = YES;
				CLANG_WARN_STRICT_PROTOTYPES = YES;
				CLANG_WARN_SUSPICIOUS_MOVE = YES;
				CLANG_WARN_UNGUARDED_AVAILABILITY = YES_AGGRESSIVE;
				CLANG_WARN_UNREACHABLE_CODE = YES;
				CLANG_WARN__DUPLICATE_METHOD_MATCH = YES;
				COPY_PHASE_STRIP = NO;
				DEBUG_INFORMATION_FORMAT = dwarf;
				ENABLE_STRICT_OBJC_MSGSEND = YES;
				ENABLE_TESTABILITY = YES;
				GCC_C_LANGUAGE_STANDARD = gnu11;
				GCC_DYNAMIC_NO_PIC = NO;
				GCC_NO_COMMON_BLOCKS = YES;
				GCC_OPTIMIZATION_LEVEL = 0;
				GCC_PREPROCESSOR_DEFINITIONS = (
					"DEBUG=1",
					"$(inherited)",
				);
				GCC_WARN_64_TO_32_BIT_CONVERSION = YES;
				GCC_WARN_ABOUT_RETURN_TYPE = YES_ERROR;
				GCC_WARN_UNDECLARED_SELECTOR = YES;
				GCC_WARN_UNINITIALIZED_AUTOS = YES_AGGRESSIVE;
				GCC_WARN_UNUSED_FUNCTION = YES;
				GCC_WARN_UNUSED_VARIABLE = YES;
				IPHONEOS_DEPLOYMENT_TARGET = 13.4;
				MTL_ENABLE_DEBUG_INFO = INCLUDE_SOURCE;
				MTL_FAST_MATH = YES;
				ONLY_ACTIVE_ARCH = YES;
				SDKROOT = iphoneos;
				SWIFT_ACTIVE_COMPILATION_CONDITIONS = DEBUG;
				SWIFT_OPTIMIZATION_LEVEL = "-Onone";
			};
			name = Debug;
		};
		BD3E3D3F24573D7700D0EC3C /* Release */ = {
			isa = XCBuildConfiguration;
			buildSettings = {
				ALWAYS_SEARCH_USER_PATHS = NO;
				CLANG_ANALYZER_NONNULL = YES;
				CLANG_ANALYZER_NUMBER_OBJECT_CONVERSION = YES_AGGRESSIVE;
				CLANG_CXX_LANGUAGE_STANDARD = "gnu++14";
				CLANG_CXX_LIBRARY = "libc++";
				CLANG_ENABLE_MODULES = YES;
				CLANG_ENABLE_OBJC_ARC = YES;
				CLANG_ENABLE_OBJC_WEAK = YES;
				CLANG_WARN_BLOCK_CAPTURE_AUTORELEASING = YES;
				CLANG_WARN_BOOL_CONVERSION = YES;
				CLANG_WARN_COMMA = YES;
				CLANG_WARN_CONSTANT_CONVERSION = YES;
				CLANG_WARN_DEPRECATED_OBJC_IMPLEMENTATIONS = YES;
				CLANG_WARN_DIRECT_OBJC_ISA_USAGE = YES_ERROR;
				CLANG_WARN_DOCUMENTATION_COMMENTS = YES;
				CLANG_WARN_EMPTY_BODY = YES;
				CLANG_WARN_ENUM_CONVERSION = YES;
				CLANG_WARN_INFINITE_RECURSION = YES;
				CLANG_WARN_INT_CONVERSION = YES;
				CLANG_WARN_NON_LITERAL_NULL_CONVERSION = YES;
				CLANG_WARN_OBJC_IMPLICIT_RETAIN_SELF = YES;
				CLANG_WARN_OBJC_LITERAL_CONVERSION = YES;
				CLANG_WARN_OBJC_ROOT_CLASS = YES_ERROR;
				CLANG_WARN_RANGE_LOOP_ANALYSIS = YES;
				CLANG_WARN_STRICT_PROTOTYPES = YES;
				CLANG_WARN_SUSPICIOUS_MOVE = YES;
				CLANG_WARN_UNGUARDED_AVAILABILITY = YES_AGGRESSIVE;
				CLANG_WARN_UNREACHABLE_CODE = YES;
				CLANG_WARN__DUPLICATE_METHOD_MATCH = YES;
				COPY_PHASE_STRIP = NO;
				DEBUG_INFORMATION_FORMAT = "dwarf-with-dsym";
				ENABLE_NS_ASSERTIONS = NO;
				ENABLE_STRICT_OBJC_MSGSEND = YES;
				GCC_C_LANGUAGE_STANDARD = gnu11;
				GCC_NO_COMMON_BLOCKS = YES;
				GCC_WARN_64_TO_32_BIT_CONVERSION = YES;
				GCC_WARN_ABOUT_RETURN_TYPE = YES_ERROR;
				GCC_WARN_UNDECLARED_SELECTOR = YES;
				GCC_WARN_UNINITIALIZED_AUTOS = YES_AGGRESSIVE;
				GCC_WARN_UNUSED_FUNCTION = YES;
				GCC_WARN_UNUSED_VARIABLE = YES;
				IPHONEOS_DEPLOYMENT_TARGET = 13.4;
				MTL_ENABLE_DEBUG_INFO = NO;
				MTL_FAST_MATH = YES;
				SDKROOT = iphoneos;
				SWIFT_COMPILATION_MODE = wholemodule;
				SWIFT_OPTIMIZATION_LEVEL = "-O";
				VALIDATE_PRODUCT = YES;
			};
			name = Release;
		};
		BD3E3D4124573D7700D0EC3C /* Debug */ = {
			isa = XCBuildConfiguration;
			buildSettings = {
				ASSETCATALOG_COMPILER_APPICON_NAME = AppIcon;
				CODE_SIGN_STYLE = Automatic;
				DEVELOPMENT_TEAM = 8876S335LK;
				INFOPLIST_FILE = "Good story/Info.plist";
				IPHONEOS_DEPLOYMENT_TARGET = 13.0;
				LD_RUNPATH_SEARCH_PATHS = (
					"$(inherited)",
					"@executable_path/Frameworks",
				);
				PRODUCT_BUNDLE_IDENTIFIER = "broflowskitech.Good-story";
				PRODUCT_NAME = "$(TARGET_NAME)";
				SWIFT_VERSION = 5.0;
				TARGETED_DEVICE_FAMILY = "1,2";
			};
			name = Debug;
		};
		BD3E3D4224573D7700D0EC3C /* Release */ = {
			isa = XCBuildConfiguration;
			buildSettings = {
				ASSETCATALOG_COMPILER_APPICON_NAME = AppIcon;
				CODE_SIGN_STYLE = Automatic;
				DEVELOPMENT_TEAM = 8876S335LK;
				INFOPLIST_FILE = "Good story/Info.plist";
				IPHONEOS_DEPLOYMENT_TARGET = 13.0;
				LD_RUNPATH_SEARCH_PATHS = (
					"$(inherited)",
					"@executable_path/Frameworks",
				);
				PRODUCT_BUNDLE_IDENTIFIER = "broflowskitech.Good-story";
				PRODUCT_NAME = "$(TARGET_NAME)";
				SWIFT_VERSION = 5.0;
				TARGETED_DEVICE_FAMILY = "1,2";
			};
			name = Release;
		};
/* End XCBuildConfiguration section */

/* Begin XCConfigurationList section */
		BD3E3D2724573D6D00D0EC3C /* Build configuration list for PBXProject "Good story" */ = {
			isa = XCConfigurationList;
			buildConfigurations = (
				BD3E3D3E24573D7700D0EC3C /* Debug */,
				BD3E3D3F24573D7700D0EC3C /* Release */,
			);
			defaultConfigurationIsVisible = 0;
			defaultConfigurationName = Release;
		};
		BD3E3D4024573D7700D0EC3C /* Build configuration list for PBXNativeTarget "Good story" */ = {
			isa = XCConfigurationList;
			buildConfigurations = (
				BD3E3D4124573D7700D0EC3C /* Debug */,
				BD3E3D4224573D7700D0EC3C /* Release */,
			);
			defaultConfigurationIsVisible = 0;
			defaultConfigurationName = Release;
		};
/* End XCConfigurationList section */
	};
	rootObject = BD3E3D2424573D6D00D0EC3C /* Project object */;
}
